<Solution>
  <Folder Name="/Solution Items/">
    <File Path="Directory.Build.props" />
  </Folder>
  <Project Path="Lombiq.MSBuild.Base.Sdk/Lombiq.MSBuild.Base.Sdk.csproj" />
  <Project Path="Lombiq.MSBuild.LibMan.Targets/Lombiq.MSBuild.LibMan.Targets.csproj" />
  <Project Path="Lombiq.MSBuild.Library.Sdk/Lombiq.MSBuild.Library.Sdk.csproj" />
  <Project Path="Lombiq.MSBuild.OrchardCore.Module.Sdk/Lombiq.MSBuild.OrchardCore.Module.Sdk.csproj" />
  <Project Path="Lombiq.MSBuild.OrchardCore.Tests.Sdk/Lombiq.MSBuild.OrchardCore.Tests.Sdk.csproj" />
  <Project Path="Lombiq.MSBuild.OrchardCore.Tests.UI.Sdk/Lombiq.MSBuild.OrchardCore.Tests.UI.Sdk.csproj" />
  <Project Path="Lombiq.MSBuild.OrchardCore.Theme.Sdk/Lombiq.MSBuild.OrchardCore.Theme.Sdk.csproj" />
</Solution>
